
Microsoft Visual Studio Solution File, Format Version 12.00
# Visual Studio Version 17
VisualStudioVersion = 17.6.33723.286
MinimumVisualStudioVersion = 10.0.40219.1
Project("{FAE04EC0-301F-11D3-BF4B-00C04F79EFBC}") = "Vazifa_22_06_2023", "Vazifa_22_06_2023\Vazifa_22_06_2023.csproj", "{FB976FF7-5A0C-4CDA-A77D-83FE5A6BE4FC}"
EndProject
Global
	GlobalSection(SolutionConfigurationPlatforms) = preSolution
		Debug|Any CPU = Debug|Any CPU
		Release|Any CPU = Release|Any CPU
	EndGlobalSection
	GlobalSection(ProjectConfigurationPlatforms) = postSolution
		{FB976FF7-5A0C-4CDA-A77D-83FE5A6BE4FC}.Debug|Any CPU.ActiveCfg = Debug|Any CPU
		{FB976FF7-5A0C-4CDA-A77D-83FE5A6BE4FC}.Debug|Any CPU.Build.0 = Debug|Any CPU
		{FB976FF7-5A0C-4CDA-A77D-83FE5A6BE4FC}.Release|Any CPU.ActiveCfg = Release|Any CPU
		{FB976FF7-5A0C-4CDA-A77D-83FE5A6BE4FC}.Release|Any CPU.Build.0 = Release|Any CPU
	EndGlobalSection
	GlobalSection(SolutionProperties) = preSolution
		HideSolutionNode = FALSE
	EndGlobalSection
	GlobalSection(ExtensibilityGlobals) = postSolution
		SolutionGuid = {FA45D33A-978B-44FD-83D8-0BCD8A1C622D}
	EndGlobalSection
EndGlobal
